
Microsoft Visual Studio Solution File, Format Version 12.00
# Visual Studio Version 16
VisualStudioVersion = 16.0.31727.386
MinimumVisualStudioVersion = 10.0.40219.1
Project("{FAE04EC0-301F-11D3-BF4B-00C04F79EFBC}") = "video35", "video35.csproj", "{ACA4CE84-D04A-47EB-ABCD-4A2DE498AC7E}"
EndProject
Global
	GlobalSection(SolutionConfigurationPlatforms) = preSolution
		Debug|Any CPU = Debug|Any CPU
		Release|Any CPU = Release|Any CPU
	EndGlobalSection
	GlobalSection(ProjectConfigurationPlatforms) = postSolution
		{ACA4CE84-D04A-47EB-ABCD-4A2DE498AC7E}.Debug|Any CPU.ActiveCfg = Debug|Any CPU
		{ACA4CE84-D04A-47EB-ABCD-4A2DE498AC7E}.Debug|Any CPU.Build.0 = Debug|Any CPU
		{ACA4CE84-D04A-47EB-ABCD-4A2DE498AC7E}.Release|Any CPU.ActiveCfg = Release|Any CPU
		{ACA4CE84-D04A-47EB-ABCD-4A2DE498AC7E}.Release|Any CPU.Build.0 = Release|Any CPU
	EndGlobalSection
	GlobalSection(SolutionProperties) = preSolution
		HideSolutionNode = FALSE
	EndGlobalSection
	GlobalSection(ExtensibilityGlobals) = postSolution
		SolutionGuid = {28617241-F269-4756-8A65-4346E7DF1118}
	EndGlobalSection
EndGlobal
