
Microsoft Visual Studio Solution File, Format Version 12.00
# Visual Studio Version 16
VisualStudioVersion = 16.0.31911.196
MinimumVisualStudioVersion = 10.0.40219.1
Project("{FAE04EC0-301F-11D3-BF4B-00C04F79EFBC}") = "PropiedadesAccesso", "PropiedadesAccesso\PropiedadesAccesso.csproj", "{84A438C5-21AD-4DC5-A6CF-F3BEA0A02AE3}"
EndProject
Global
	GlobalSection(SolutionConfigurationPlatforms) = preSolution
		Debug|Any CPU = Debug|Any CPU
		Release|Any CPU = Release|Any CPU
	EndGlobalSection
	GlobalSection(ProjectConfigurationPlatforms) = postSolution
		{84A438C5-21AD-4DC5-A6CF-F3BEA0A02AE3}.Debug|Any CPU.ActiveCfg = Debug|Any CPU
		{84A438C5-21AD-4DC5-A6CF-F3BEA0A02AE3}.Debug|Any CPU.Build.0 = Debug|Any CPU
		{84A438C5-21AD-4DC5-A6CF-F3BEA0A02AE3}.Release|Any CPU.ActiveCfg = Release|Any CPU
		{84A438C5-21AD-4DC5-A6CF-F3BEA0A02AE3}.Release|Any CPU.Build.0 = Release|Any CPU
	EndGlobalSection
	GlobalSection(SolutionProperties) = preSolution
		HideSolutionNode = FALSE
	EndGlobalSection
	GlobalSection(ExtensibilityGlobals) = postSolution
		SolutionGuid = {E3B8F8E1-6CCC-4518-B0C6-843B6BD1E377}
	EndGlobalSection
EndGlobal
