
Microsoft Visual Studio Solution File, Format Version 12.00
# Visual Studio Version 16
VisualStudioVersion = 16.0.31727.386
MinimumVisualStudioVersion = 10.0.40219.1
Project("{FAE04EC0-301F-11D3-BF4B-00C04F79EFBC}") = "video27", "video27.csproj", "{A2D812F1-5C5A-41B7-A339-E7DAB6A9E526}"
EndProject
Global
	GlobalSection(SolutionConfigurationPlatforms) = preSolution
		Debug|Any CPU = Debug|Any CPU
		Release|Any CPU = Release|Any CPU
	EndGlobalSection
	GlobalSection(ProjectConfigurationPlatforms) = postSolution
		{A2D812F1-5C5A-41B7-A339-E7DAB6A9E526}.Debug|Any CPU.ActiveCfg = Debug|Any CPU
		{A2D812F1-5C5A-41B7-A339-E7DAB6A9E526}.Debug|Any CPU.Build.0 = Debug|Any CPU
		{A2D812F1-5C5A-41B7-A339-E7DAB6A9E526}.Release|Any CPU.ActiveCfg = Release|Any CPU
		{A2D812F1-5C5A-41B7-A339-E7DAB6A9E526}.Release|Any CPU.Build.0 = Release|Any CPU
	EndGlobalSection
	GlobalSection(SolutionProperties) = preSolution
		HideSolutionNode = FALSE
	EndGlobalSection
	GlobalSection(ExtensibilityGlobals) = postSolution
		SolutionGuid = {17A81C1F-98CC-476C-B8AE-1CA2EFB20A4E}
	EndGlobalSection
EndGlobal
