
Microsoft Visual Studio Solution File, Format Version 12.00
# Visual Studio Version 16
VisualStudioVersion = 16.0.31727.386
MinimumVisualStudioVersion = 10.0.40219.1
Project("{FAE04EC0-301F-11D3-BF4B-00C04F79EFBC}") = "video18correcto", "video18correcto.csproj", "{AF20ADA7-0A97-4069-849A-2E3BBDD31641}"
EndProject
Global
	GlobalSection(SolutionConfigurationPlatforms) = preSolution
		Debug|Any CPU = Debug|Any CPU
		Release|Any CPU = Release|Any CPU
	EndGlobalSection
	GlobalSection(ProjectConfigurationPlatforms) = postSolution
		{AF20ADA7-0A97-4069-849A-2E3BBDD31641}.Debug|Any CPU.ActiveCfg = Debug|Any CPU
		{AF20ADA7-0A97-4069-849A-2E3BBDD31641}.Debug|Any CPU.Build.0 = Debug|Any CPU
		{AF20ADA7-0A97-4069-849A-2E3BBDD31641}.Release|Any CPU.ActiveCfg = Release|Any CPU
		{AF20ADA7-0A97-4069-849A-2E3BBDD31641}.Release|Any CPU.Build.0 = Release|Any CPU
	EndGlobalSection
	GlobalSection(SolutionProperties) = preSolution
		HideSolutionNode = FALSE
	EndGlobalSection
	GlobalSection(ExtensibilityGlobals) = postSolution
		SolutionGuid = {DC4E0A8B-5AB4-408B-8D92-BFE2D7A0DA80}
	EndGlobalSection
EndGlobal
